// !$*UTF8*$!
{
	archiveVersion = 1;
	classes = {
	};
	objectVersion = 46;
	objects = {

/* Begin PBXBuildFile section */
		3B4E5150AE63E09B2FD65973 /* Pods_Shopping_ProTests.framework in Frameworks */ = {isa = PBXBuildFile; fileRef = 9991E283CC3DA5E8227235D5 /* Pods_Shopping_ProTests.framework */; };
		891E19101EFF8F3500295BAA /* AppDelegate.swift in Sources */ = {isa = PBXBuildFile; fileRef = 891E190F1EFF8F3500295BAA /* AppDelegate.swift */; };
		891E19151EFF8F3500295BAA /* Main.storyboard in Resources */ = {isa = PBXBuildFile; fileRef = 891E19131EFF8F3500295BAA /* Main.storyboard */; };
		891E19171EFF8F3500295BAA /* Assets.xcassets in Resources */ = {isa = PBXBuildFile; fileRef = 891E19161EFF8F3500295BAA /* Assets.xcassets */; };
		891E191A1EFF8F3500295BAA /* LaunchScreen.storyboard in Resources */ = {isa = PBXBuildFile; fileRef = 891E19181EFF8F3500295BAA /* LaunchScreen.storyboard */; };
		891E19251EFF8F3500295BAA /* Shopping_ProTests.swift in Sources */ = {isa = PBXBuildFile; fileRef = 891E19241EFF8F3500295BAA /* Shopping_ProTests.swift */; };
		891E19301EFF8F3500295BAA /* Shopping_ProUITests.swift in Sources */ = {isa = PBXBuildFile; fileRef = 891E192F1EFF8F3500295BAA /* Shopping_ProUITests.swift */; };
		891E193E1EFF91D800295BAA /* GoogleService-Info.plist in Resources */ = {isa = PBXBuildFile; fileRef = 891E193D1EFF91D800295BAA /* GoogleService-Info.plist */; };
		891E19431EFF9D6300295BAA /* MyListVC.swift in Sources */ = {isa = PBXBuildFile; fileRef = 891E19421EFF9D6300295BAA /* MyListVC.swift */; };
		891E19451EFFA3AB00295BAA /* ShoppingItemVC.swift in Sources */ = {isa = PBXBuildFile; fileRef = 891E19441EFFA3AB00295BAA /* ShoppingItemVC.swift */; };
		891E19471EFFA88D00295BAA /* ShoppingList.swift in Sources */ = {isa = PBXBuildFile; fileRef = 891E19461EFFA88D00295BAA /* ShoppingList.swift */; };
		891E194A1EFFAADC00295BAA /* Constants.swift in Sources */ = {isa = PBXBuildFile; fileRef = 891E19491EFFAADC00295BAA /* Constants.swift */; };
		891E194C1EFFAC7700295BAA /* Utilities.swift in Sources */ = {isa = PBXBuildFile; fileRef = 891E194B1EFFAC7700295BAA /* Utilities.swift */; };
		891E194E1EFFD00900295BAA /* myListCell.swift in Sources */ = {isa = PBXBuildFile; fileRef = 891E194D1EFFD00900295BAA /* myListCell.swift */; };
		891E19501EFFDD5200295BAA /* ShoppingItem.swift in Sources */ = {isa = PBXBuildFile; fileRef = 891E194F1EFFDD5200295BAA /* ShoppingItem.swift */; };
		891E19521EFFEA0500295BAA /* AddItemVC.swift in Sources */ = {isa = PBXBuildFile; fileRef = 891E19511EFFEA0500295BAA /* AddItemVC.swift */; };
		891E19541EFFF6BE00295BAA /* myItemCell.swift in Sources */ = {isa = PBXBuildFile; fileRef = 891E19531EFFF6BE00295BAA /* myItemCell.swift */; };
		891E19561F000C0300295BAA /* SwipeTableViewHelper.swift in Sources */ = {isa = PBXBuildFile; fileRef = 891E19551F000C0300295BAA /* SwipeTableViewHelper.swift */; };
		C96DC8C0CBA6B3EC44C1D2B6 /* Pods_Shopping_Pro.framework in Frameworks */ = {isa = PBXBuildFile; fileRef = 60B39E09A869A87552FEC57E /* Pods_Shopping_Pro.framework */; };
		F14CB265C9B9E0FCC7ECE41C /* Pods_Shopping_ProUITests.framework in Frameworks */ = {isa = PBXBuildFile; fileRef = 9E477C7789A795F290F400BC /* Pods_Shopping_ProUITests.framework */; };
/* End PBXBuildFile section */

/* Begin PBXContainerItemProxy section */
		891E19211EFF8F3500295BAA /* PBXContainerItemProxy */ = {
			isa = PBXContainerItemProxy;
			containerPortal = 891E19041EFF8F3500295BAA /* Project object */;
			proxyType = 1;
			remoteGlobalIDString = 891E190B1EFF8F3500295BAA;
			remoteInfo = "Shopping Pro";
		};
		891E192C1EFF8F3500295BAA /* PBXContainerItemProxy */ = {
			isa = PBXContainerItemProxy;
			containerPortal = 891E19041EFF8F3500295BAA /* Project object */;
			proxyType = 1;
			remoteGlobalIDString = 891E190B1EFF8F3500295BAA;
			remoteInfo = "Shopping Pro";
		};
/* End PBXContainerItemProxy section */

/* Begin PBXFileReference section */
		299F1BC46C0407DCC151F680 /* Pods-Shopping ProUITests.debug.xcconfig */ = {isa = PBXFileReference; includeInIndex = 1; lastKnownFileType = text.xcconfig; name = "Pods-Shopping ProUITests.debug.xcconfig"; path = "Pods/Target Support Files/Pods-Shopping ProUITests/Pods-Shopping ProUITests.debug.xcconfig"; sourceTree = "<group>"; };
		45D3612F6521412662B42F34 /* Pods-Shopping Pro.release.xcconfig */ = {isa = PBXFileReference; includeInIndex = 1; lastKnownFileType = text.xcconfig; name = "Pods-Shopping Pro.release.xcconfig"; path = "Pods/Target Support Files/Pods-Shopping Pro/Pods-Shopping Pro.release.xcconfig"; sourceTree = "<group>"; };
		51D0C1CCB82CF27A6350444E /* Pods-Shopping ProUITests.release.xcconfig */ = {isa = PBXFileReference; includeInIndex = 1; lastKnownFileType = text.xcconfig; name = "Pods-Shopping ProUITests.release.xcconfig"; path = "Pods/Target Support Files/Pods-Shopping ProUITests/Pods-Shopping ProUITests.release.xcconfig"; sourceTree = "<group>"; };
		60B39E09A869A87552FEC57E /* Pods_Shopping_Pro.framework */ = {isa = PBXFileReference; explicitFileType = wrapper.framework; includeInIndex = 0; path = Pods_Shopping_Pro.framework; sourceTree = BUILT_PRODUCTS_DIR; };
		72AD768B21936AED1FB33BF1 /* Pods-Shopping ProTests.release.xcconfig */ = {isa = PBXFileReference; includeInIndex = 1; lastKnownFileType = text.xcconfig; name = "Pods-Shopping ProTests.release.xcconfig"; path = "Pods/Target Support Files/Pods-Shopping ProTests/Pods-Shopping ProTests.release.xcconfig"; sourceTree = "<group>"; };
		891E190C1EFF8F3500295BAA /* Shopping Pro.app */ = {isa = PBXFileReference; explicitFileType = wrapper.application; includeInIndex = 0; path = "Shopping Pro.app"; sourceTree = BUILT_PRODUCTS_DIR; };
		891E190F1EFF8F3500295BAA /* AppDelegate.swift */ = {isa = PBXFileReference; lastKnownFileType = sourcecode.swift; path = AppDelegate.swift; sourceTree = "<group>"; };
		891E19141EFF8F3500295BAA /* Base */ = {isa = PBXFileReference; lastKnownFileType = file.storyboard; name = Base; path = Base.lproj/Main.storyboard; sourceTree = "<group>"; };
		891E19161EFF8F3500295BAA /* Assets.xcassets */ = {isa = PBXFileReference; lastKnownFileType = folder.assetcatalog; path = Assets.xcassets; sourceTree = "<group>"; };
		891E19191EFF8F3500295BAA /* Base */ = {isa = PBXFileReference; lastKnownFileType = file.storyboard; name = Base; path = Base.lproj/LaunchScreen.storyboard; sourceTree = "<group>"; };
		891E191B1EFF8F3500295BAA /* Info.plist */ = {isa = PBXFileReference; lastKnownFileType = text.plist.xml; path = Info.plist; sourceTree = "<group>"; };
		891E19201EFF8F3500295BAA /* Shopping ProTests.xctest */ = {isa = PBXFileReference; explicitFileType = wrapper.cfbundle; includeInIndex = 0; path = "Shopping ProTests.xctest"; sourceTree = BUILT_PRODUCTS_DIR; };
		891E19241EFF8F3500295BAA /* Shopping_ProTests.swift */ = {isa = PBXFileReference; lastKnownFileType = sourcecode.swift; path = Shopping_ProTests.swift; sourceTree = "<group>"; };
		891E19261EFF8F3500295BAA /* Info.plist */ = {isa = PBXFileReference; lastKnownFileType = text.plist.xml; path = Info.plist; sourceTree = "<group>"; };
		891E192B1EFF8F3500295BAA /* Shopping ProUITests.xctest */ = {isa = PBXFileReference; explicitFileType = wrapper.cfbundle; includeInIndex = 0; path = "Shopping ProUITests.xctest"; sourceTree = BUILT_PRODUCTS_DIR; };
		891E192F1EFF8F3500295BAA /* Shopping_ProUITests.swift */ = {isa = PBXFileReference; lastKnownFileType = sourcecode.swift; path = Shopping_ProUITests.swift; sourceTree = "<group>"; };
		891E19311EFF8F3500295BAA /* Info.plist */ = {isa = PBXFileReference; lastKnownFileType = text.plist.xml; path = Info.plist; sourceTree = "<group>"; };
		891E193D1EFF91D800295BAA /* GoogleService-Info.plist */ = {isa = PBXFileReference; fileEncoding = 4; lastKnownFileType = text.plist.xml; path = "GoogleService-Info.plist"; sourceTree = "<group>"; };
		891E19421EFF9D6300295BAA /* MyListVC.swift */ = {isa = PBXFileReference; fileEncoding = 4; lastKnownFileType = sourcecode.swift; path = MyListVC.swift; sourceTree = "<group>"; };
		891E19441EFFA3AB00295BAA /* ShoppingItemVC.swift */ = {isa = PBXFileReference; fileEncoding = 4; lastKnownFileType = sourcecode.swift; path = ShoppingItemVC.swift; sourceTree = "<group>"; };
		891E19461EFFA88D00295BAA /* ShoppingList.swift */ = {isa = PBXFileReference; fileEncoding = 4; lastKnownFileType = sourcecode.swift; path = ShoppingList.swift; sourceTree = "<group>"; };
		891E19491EFFAADC00295BAA /* Constants.swift */ = {isa = PBXFileReference; fileEncoding = 4; lastKnownFileType = sourcecode.swift; path = Constants.swift; sourceTree = "<group>"; };
		891E194B1EFFAC7700295BAA /* Utilities.swift */ = {isa = PBXFileReference; fileEncoding = 4; lastKnownFileType = sourcecode.swift; path = Utilities.swift; sourceTree = "<group>"; };
		891E194D1EFFD00900295BAA /* myListCell.swift */ = {isa = PBXFileReference; fileEncoding = 4; lastKnownFileType = sourcecode.swift; path = myListCell.swift; sourceTree = "<group>"; };
		891E194F1EFFDD5200295BAA /* ShoppingItem.swift */ = {isa = PBXFileReference; fileEncoding = 4; lastKnownFileType = sourcecode.swift; path = ShoppingItem.swift; sourceTree = "<group>"; };
		891E19511EFFEA0500295BAA /* AddItemVC.swift */ = {isa = PBXFileReference; fileEncoding = 4; lastKnownFileType = sourcecode.swift; path = AddItemVC.swift; sourceTree = "<group>"; };
		891E19531EFFF6BE00295BAA /* myItemCell.swift */ = {isa = PBXFileReference; fileEncoding = 4; lastKnownFileType = sourcecode.swift; path = myItemCell.swift; sourceTree = "<group>"; };
		891E19551F000C0300295BAA /* SwipeTableViewHelper.swift */ = {isa = PBXFileReference; fileEncoding = 4; lastKnownFileType = sourcecode.swift; path = SwipeTableViewHelper.swift; sourceTree = "<group>"; };
		9991E283CC3DA5E8227235D5 /* Pods_Shopping_ProTests.framework */ = {isa = PBXFileReference; explicitFileType = wrapper.framework; includeInIndex = 0; path = Pods_Shopping_ProTests.framework; sourceTree = BUILT_PRODUCTS_DIR; };
		9E477C7789A795F290F400BC /* Pods_Shopping_ProUITests.framework */ = {isa = PBXFileReference; explicitFileType = wrapper.framework; includeInIndex = 0; path = Pods_Shopping_ProUITests.framework; sourceTree = BUILT_PRODUCTS_DIR; };
		9FD79898B37BEECAF81E3F9A /* Pods-Shopping ProTests.debug.xcconfig */ = {isa = PBXFileReference; includeInIndex = 1; lastKnownFileType = text.xcconfig; name = "Pods-Shopping ProTests.debug.xcconfig"; path = "Pods/Target Support Files/Pods-Shopping ProTests/Pods-Shopping ProTests.debug.xcconfig"; sourceTree = "<group>"; };
		F166536D378847D32291D6B9 /* Pods-Shopping Pro.debug.xcconfig */ = {isa = PBXFileReference; includeInIndex = 1; lastKnownFileType = text.xcconfig; name = "Pods-Shopping Pro.debug.xcconfig"; path = "Pods/Target Support Files/Pods-Shopping Pro/Pods-Shopping Pro.debug.xcconfig"; sourceTree = "<group>"; };
/* End PBXFileReference section */

/* Begin PBXFrameworksBuildPhase section */
		891E19091EFF8F3500295BAA /* Frameworks */ = {
			isa = PBXFrameworksBuildPhase;
			buildActionMask = 2147483647;
			files = (
				C96DC8C0CBA6B3EC44C1D2B6 /* Pods_Shopping_Pro.framework in Frameworks */,
			);
			runOnlyForDeploymentPostprocessing = 0;
		};
		891E191D1EFF8F3500295BAA /* Frameworks */ = {
			isa = PBXFrameworksBuildPhase;
			buildActionMask = 2147483647;
			files = (
				3B4E5150AE63E09B2FD65973 /* Pods_Shopping_ProTests.framework in Frameworks */,
			);
			runOnlyForDeploymentPostprocessing = 0;
		};
		891E19281EFF8F3500295BAA /* Frameworks */ = {
			isa = PBXFrameworksBuildPhase;
			buildActionMask = 2147483647;
			files = (
				F14CB265C9B9E0FCC7ECE41C /* Pods_Shopping_ProUITests.framework in Frameworks */,
			);
			runOnlyForDeploymentPostprocessing = 0;
		};
/* End PBXFrameworksBuildPhase section */

/* Begin PBXGroup section */
		891E19031EFF8F3500295BAA = {
			isa = PBXGroup;
			children = (
				891E190E1EFF8F3500295BAA /* Shopping Pro */,
				891E19231EFF8F3500295BAA /* Shopping ProTests */,
				891E192E1EFF8F3500295BAA /* Shopping ProUITests */,
				891E190D1EFF8F3500295BAA /* Products */,
				BCB7E394DD12C69E59C5BB54 /* Pods */,
				B931A013E02F37BBDD1CC564 /* Frameworks */,
			);
			sourceTree = "<group>";
		};
		891E190D1EFF8F3500295BAA /* Products */ = {
			isa = PBXGroup;
			children = (
				891E190C1EFF8F3500295BAA /* Shopping Pro.app */,
				891E19201EFF8F3500295BAA /* Shopping ProTests.xctest */,
				891E192B1EFF8F3500295BAA /* Shopping ProUITests.xctest */,
			);
			name = Products;
			sourceTree = "<group>";
		};
		891E190E1EFF8F3500295BAA /* Shopping Pro */ = {
			isa = PBXGroup;
			children = (
				891E190F1EFF8F3500295BAA /* AppDelegate.swift */,
				891E19481EFFAABD00295BAA /* Resources */,
				891E19411EFF99E700295BAA /* Model */,
				891E19401EFF99E400295BAA /* View */,
				891E193F1EFF99E200295BAA /* Controller */,
				891E19131EFF8F3500295BAA /* Main.storyboard */,
				891E19181EFF8F3500295BAA /* LaunchScreen.storyboard */,
				891E19161EFF8F3500295BAA /* Assets.xcassets */,
				891E191B1EFF8F3500295BAA /* Info.plist */,
				891E193D1EFF91D800295BAA /* GoogleService-Info.plist */,
			);
			path = "Shopping Pro";
			sourceTree = "<group>";
		};
		891E19231EFF8F3500295BAA /* Shopping ProTests */ = {
			isa = PBXGroup;
			children = (
				891E19241EFF8F3500295BAA /* Shopping_ProTests.swift */,
				891E19261EFF8F3500295BAA /* Info.plist */,
			);
			path = "Shopping ProTests";
			sourceTree = "<group>";
		};
		891E192E1EFF8F3500295BAA /* Shopping ProUITests */ = {
			isa = PBXGroup;
			children = (
				891E192F1EFF8F3500295BAA /* Shopping_ProUITests.swift */,
				891E19311EFF8F3500295BAA /* Info.plist */,
			);
			path = "Shopping ProUITests";
			sourceTree = "<group>";
		};
		891E193F1EFF99E200295BAA /* Controller */ = {
			isa = PBXGroup;
			children = (
				891E19421EFF9D6300295BAA /* MyListVC.swift */,
				891E19441EFFA3AB00295BAA /* ShoppingItemVC.swift */,
				891E19511EFFEA0500295BAA /* AddItemVC.swift */,
			);
			name = Controller;
			sourceTree = "<group>";
		};
		891E19401EFF99E400295BAA /* View */ = {
			isa = PBXGroup;
			children = (
				891E194D1EFFD00900295BAA /* myListCell.swift */,
				891E19531EFFF6BE00295BAA /* myItemCell.swift */,
			);
			name = View;
			sourceTree = "<group>";
		};
		891E19411EFF99E700295BAA /* Model */ = {
			isa = PBXGroup;
			children = (
				891E19461EFFA88D00295BAA /* ShoppingList.swift */,
				891E194F1EFFDD5200295BAA /* ShoppingItem.swift */,
			);
			name = Model;
			sourceTree = "<group>";
		};
		891E19481EFFAABD00295BAA /* Resources */ = {
			isa = PBXGroup;
			children = (
				891E19491EFFAADC00295BAA /* Constants.swift */,
				891E194B1EFFAC7700295BAA /* Utilities.swift */,
				891E19551F000C0300295BAA /* SwipeTableViewHelper.swift */,
			);
			name = Resources;
			sourceTree = "<group>";
		};
		B931A013E02F37BBDD1CC564 /* Frameworks */ = {
			isa = PBXGroup;
			children = (
				60B39E09A869A87552FEC57E /* Pods_Shopping_Pro.framework */,
				9991E283CC3DA5E8227235D5 /* Pods_Shopping_ProTests.framework */,
				9E477C7789A795F290F400BC /* Pods_Shopping_ProUITests.framework */,
			);
			name = Frameworks;
			sourceTree = "<group>";
		};
		BCB7E394DD12C69E59C5BB54 /* Pods */ = {
			isa = PBXGroup;
			children = (
				F166536D378847D32291D6B9 /* Pods-Shopping Pro.debug.xcconfig */,
				45D3612F6521412662B42F34 /* Pods-Shopping Pro.release.xcconfig */,
				9FD79898B37BEECAF81E3F9A /* Pods-Shopping ProTests.debug.xcconfig */,
				72AD768B21936AED1FB33BF1 /* Pods-Shopping ProTests.release.xcconfig */,
				299F1BC46C0407DCC151F680 /* Pods-Shopping ProUITests.debug.xcconfig */,
				51D0C1CCB82CF27A6350444E /* Pods-Shopping ProUITests.release.xcconfig */,
			);
			name = Pods;
			sourceTree = "<group>";
		};
/* End PBXGroup section */

/* Begin PBXNativeTarget section */
		891E190B1EFF8F3500295BAA /* Shopping Pro */ = {
			isa = PBXNativeTarget;
			buildConfigurationList = 891E19341EFF8F3500295BAA /* Build configuration list for PBXNativeTarget "Shopping Pro" */;
			buildPhases = (
				1C9FE8304B855BC15714A61F /* [CP] Check Pods Manifest.lock */,
				891E19081EFF8F3500295BAA /* Sources */,
				891E19091EFF8F3500295BAA /* Frameworks */,
				891E190A1EFF8F3500295BAA /* Resources */,
				B8DE37F92B7758E45AA1B02C /* [CP] Embed Pods Frameworks */,
				70CE76B8B33F5D645CC2FA24 /* [CP] Copy Pods Resources */,
			);
			buildRules = (
			);
			dependencies = (
			);
			name = "Shopping Pro";
			productName = "Shopping Pro";
			productReference = 891E190C1EFF8F3500295BAA /* Shopping Pro.app */;
			productType = "com.apple.product-type.application";
		};
		891E191F1EFF8F3500295BAA /* Shopping ProTests */ = {
			isa = PBXNativeTarget;
			buildConfigurationList = 891E19371EFF8F3500295BAA /* Build configuration list for PBXNativeTarget "Shopping ProTests" */;
			buildPhases = (
				3C754560A11EA572B6DBDD1F /* [CP] Check Pods Manifest.lock */,
				891E191C1EFF8F3500295BAA /* Sources */,
				891E191D1EFF8F3500295BAA /* Frameworks */,
				891E191E1EFF8F3500295BAA /* Resources */,
				F57BD6503FBF32F024641984 /* [CP] Embed Pods Frameworks */,
				5338D350C3E6B7D25A8C6247 /* [CP] Copy Pods Resources */,
			);
			buildRules = (
			);
			dependencies = (
				891E19221EFF8F3500295BAA /* PBXTargetDependency */,
			);
			name = "Shopping ProTests";
			productName = "Shopping ProTests";
			productReference = 891E19201EFF8F3500295BAA /* Shopping ProTests.xctest */;
			productType = "com.apple.product-type.bundle.unit-test";
		};
		891E192A1EFF8F3500295BAA /* Shopping ProUITests */ = {
			isa = PBXNativeTarget;
			buildConfigurationList = 891E193A1EFF8F3500295BAA /* Build configuration list for PBXNativeTarget "Shopping ProUITests" */;
			buildPhases = (
				613A61AC1730E70A79FDE673 /* [CP] Check Pods Manifest.lock */,
				891E19271EFF8F3500295BAA /* Sources */,
				891E19281EFF8F3500295BAA /* Frameworks */,
				891E19291EFF8F3500295BAA /* Resources */,
				0257F416F332A83F6E7CD090 /* [CP] Embed Pods Frameworks */,
				F11466B84971B08B0EEE8632 /* [CP] Copy Pods Resources */,
			);
			buildRules = (
			);
			dependencies = (
				891E192D1EFF8F3500295BAA /* PBXTargetDependency */,
			);
			name = "Shopping ProUITests";
			productName = "Shopping ProUITests";
			productReference = 891E192B1EFF8F3500295BAA /* Shopping ProUITests.xctest */;
			productType = "com.apple.product-type.bundle.ui-testing";
		};
/* End PBXNativeTarget section */

/* Begin PBXProject section */
		891E19041EFF8F3500295BAA /* Project object */ = {
			isa = PBXProject;
			attributes = {
				LastSwiftUpdateCheck = 0830;
				LastUpgradeCheck = 0830;
				ORGANIZATIONNAME = "Akil Kumar Thota";
				TargetAttributes = {
					891E190B1EFF8F3500295BAA = {
						CreatedOnToolsVersion = 8.3.2;
						DevelopmentTeam = 6UPMA52VHK;
						ProvisioningStyle = Automatic;
					};
					891E191F1EFF8F3500295BAA = {
						CreatedOnToolsVersion = 8.3.2;
						DevelopmentTeam = 6UPMA52VHK;
						ProvisioningStyle = Automatic;
						TestTargetID = 891E190B1EFF8F3500295BAA;
					};
					891E192A1EFF8F3500295BAA = {
						CreatedOnToolsVersion = 8.3.2;
						DevelopmentTeam = 6UPMA52VHK;
						ProvisioningStyle = Automatic;
						TestTargetID = 891E190B1EFF8F3500295BAA;
					};
				};
			};
			buildConfigurationList = 891E19071EFF8F3500295BAA /* Build configuration list for PBXProject "Shopping Pro" */;
			compatibilityVersion = "Xcode 3.2";
			developmentRegion = English;
			hasScannedForEncodings = 0;
			knownRegions = (
				en,
				Base,
			);
			mainGroup = 891E19031EFF8F3500295BAA;
			productRefGroup = 891E190D1EFF8F3500295BAA /* Products */;
			projectDirPath = "";
			projectRoot = "";
			targets = (
				891E190B1EFF8F3500295BAA /* Shopping Pro */,
				891E191F1EFF8F3500295BAA /* Shopping ProTests */,
				891E192A1EFF8F3500295BAA /* Shopping ProUITests */,
			);
		};
/* End PBXProject section */

/* Begin PBXResourcesBuildPhase section */
		891E190A1EFF8F3500295BAA /* Resources */ = {
			isa = PBXResourcesBuildPhase;
			buildActionMask = 2147483647;
			files = (
				891E191A1EFF8F3500295BAA /* LaunchScreen.storyboard in Resources */,
				891E193E1EFF91D800295BAA /* GoogleService-Info.plist in Resources */,
				891E19171EFF8F3500295BAA /* Assets.xcassets in Resources */,
				891E19151EFF8F3500295BAA /* Main.storyboard in Resources */,
			);
			runOnlyForDeploymentPostprocessing = 0;
		};
		891E191E1EFF8F3500295BAA /* Resources */ = {
			isa = PBXResourcesBuildPhase;
			buildActionMask = 2147483647;
			files = (
			);
			runOnlyForDeploymentPostprocessing = 0;
		};
		891E19291EFF8F3500295BAA /* Resources */ = {
			isa = PBXResourcesBuildPhase;
			buildActionMask = 2147483647;
			files = (
			);
			runOnlyForDeploymentPostprocessing = 0;
		};
/* End PBXResourcesBuildPhase section */

/* Begin PBXShellScriptBuildPhase section */
		0257F416F332A83F6E7CD090 /* [CP] Embed Pods Frameworks */ = {
			isa = PBXShellScriptBuildPhase;
			buildActionMask = 2147483647;
			files = (
			);
			inputPaths = (
			);
			name = "[CP] Embed Pods Frameworks";
			outputPaths = (
			);
			runOnlyForDeploymentPostprocessing = 0;
			shellPath = /bin/sh;
			shellScript = "\"${SRCROOT}/Pods/Target Support Files/Pods-Shopping ProUITests/Pods-Shopping ProUITests-frameworks.sh\"\n";
			showEnvVarsInLog = 0;
		};
		1C9FE8304B855BC15714A61F /* [CP] Check Pods Manifest.lock */ = {
			isa = PBXShellScriptBuildPhase;
			buildActionMask = 2147483647;
			files = (
			);
			inputPaths = (
			);
			name = "[CP] Check Pods Manifest.lock";
			outputPaths = (
			);
			runOnlyForDeploymentPostprocessing = 0;
			shellPath = /bin/sh;
			shellScript = "diff \"${PODS_ROOT}/../Podfile.lock\" \"${PODS_ROOT}/Manifest.lock\" > /dev/null\nif [ $? != 0 ] ; then\n    # print error to STDERR\n    echo \"error: The sandbox is not in sync with the Podfile.lock. Run 'pod install' or update your CocoaPods installation.\" >&2\n    exit 1\nfi\n";
			showEnvVarsInLog = 0;
		};
		3C754560A11EA572B6DBDD1F /* [CP] Check Pods Manifest.lock */ = {
			isa = PBXShellScriptBuildPhase;
			buildActionMask = 2147483647;
			files = (
			);
			inputPaths = (
			);
			name = "[CP] Check Pods Manifest.lock";
			outputPaths = (
			);
			runOnlyForDeploymentPostprocessing = 0;
			shellPath = /bin/sh;
			shellScript = "diff \"${PODS_ROOT}/../Podfile.lock\" \"${PODS_ROOT}/Manifest.lock\" > /dev/null\nif [ $? != 0 ] ; then\n    # print error to STDERR\n    echo \"error: The sandbox is not in sync with the Podfile.lock. Run 'pod install' or update your CocoaPods installation.\" >&2\n    exit 1\nfi\n";
			showEnvVarsInLog = 0;
		};
		5338D350C3E6B7D25A8C6247 /* [CP] Copy Pods Resources */ = {
			isa = PBXShellScriptBuildPhase;
			buildActionMask = 2147483647;
			files = (
			);
			inputPaths = (
			);
			name = "[CP] Copy Pods Resources";
			outputPaths = (
			);
			runOnlyForDeploymentPostprocessing = 0;
			shellPath = /bin/sh;
			shellScript = "\"${SRCROOT}/Pods/Target Support Files/Pods-Shopping ProTests/Pods-Shopping ProTests-resources.sh\"\n";
			showEnvVarsInLog = 0;
		};
		613A61AC1730E70A79FDE673 /* [CP] Check Pods Manifest.lock */ = {
			isa = PBXShellScriptBuildPhase;
			buildActionMask = 2147483647;
			files = (
			);
			inputPaths = (
			);
			name = "[CP] Check Pods Manifest.lock";
			outputPaths = (
			);
			runOnlyForDeploymentPostprocessing = 0;
			shellPath = /bin/sh;
			shellScript = "diff \"${PODS_ROOT}/../Podfile.lock\" \"${PODS_ROOT}/Manifest.lock\" > /dev/null\nif [ $? != 0 ] ; then\n    # print error to STDERR\n    echo \"error: The sandbox is not in sync with the Podfile.lock. Run 'pod install' or update your CocoaPods installation.\" >&2\n    exit 1\nfi\n";
			showEnvVarsInLog = 0;
		};
		70CE76B8B33F5D645CC2FA24 /* [CP] Copy Pods Resources */ = {
			isa = PBXShellScriptBuildPhase;
			buildActionMask = 2147483647;
			files = (
			);
			inputPaths = (
			);
			name = "[CP] Copy Pods Resources";
			outputPaths = (
			);
			runOnlyForDeploymentPostprocessing = 0;
			shellPath = /bin/sh;
			shellScript = "\"${SRCROOT}/Pods/Target Support Files/Pods-Shopping Pro/Pods-Shopping Pro-resources.sh\"\n";
			showEnvVarsInLog = 0;
		};
		B8DE37F92B7758E45AA1B02C /* [CP] Embed Pods Frameworks */ = {
			isa = PBXShellScriptBuildPhase;
			buildActionMask = 2147483647;
			files = (
			);
			inputPaths = (
			);
			name = "[CP] Embed Pods Frameworks";
			outputPaths = (
			);
			runOnlyForDeploymentPostprocessing = 0;
			shellPath = /bin/sh;
			shellScript = "\"${SRCROOT}/Pods/Target Support Files/Pods-Shopping Pro/Pods-Shopping Pro-frameworks.sh\"\n";
			showEnvVarsInLog = 0;
		};
		F11466B84971B08B0EEE8632 /* [CP] Copy Pods Resources */ = {
			isa = PBXShellScriptBuildPhase;
			buildActionMask = 2147483647;
			files = (
			);
			inputPaths = (
			);
			name = "[CP] Copy Pods Resources";
			outputPaths = (
			);
			runOnlyForDeploymentPostprocessing = 0;
			shellPath = /bin/sh;
			shellScript = "\"${SRCROOT}/Pods/Target Support Files/Pods-Shopping ProUITests/Pods-Shopping ProUITests-resources.sh\"\n";
			showEnvVarsInLog = 0;
		};
		F57BD6503FBF32F024641984 /* [CP] Embed Pods Frameworks */ = {
			isa = PBXShellScriptBuildPhase;
			buildActionMask = 2147483647;
			files = (
			);
			inputPaths = (
			);
			name = "[CP] Embed Pods Frameworks";
			outputPaths = (
			);
			runOnlyForDeploymentPostprocessing = 0;
			shellPath = /bin/sh;
			shellScript = "\"${SRCROOT}/Pods/Target Support Files/Pods-Shopping ProTests/Pods-Shopping ProTests-frameworks.sh\"\n";
			showEnvVarsInLog = 0;
		};
/* End PBXShellScriptBuildPhase section */

/* Begin PBXSourcesBuildPhase section */
		891E19081EFF8F3500295BAA /* Sources */ = {
			isa = PBXSourcesBuildPhase;
			buildActionMask = 2147483647;
			files = (
				891E194C1EFFAC7700295BAA /* Utilities.swift in Sources */,
				891E19561F000C0300295BAA /* SwipeTableViewHelper.swift in Sources */,
				891E194A1EFFAADC00295BAA /* Constants.swift in Sources */,
				891E19451EFFA3AB00295BAA /* ShoppingItemVC.swift in Sources */,
				891E19471EFFA88D00295BAA /* ShoppingList.swift in Sources */,
				891E19501EFFDD5200295BAA /* ShoppingItem.swift in Sources */,
				891E19431EFF9D6300295BAA /* MyListVC.swift in Sources */,
				891E19541EFFF6BE00295BAA /* myItemCell.swift in Sources */,
				891E19101EFF8F3500295BAA /* AppDelegate.swift in Sources */,
				891E19521EFFEA0500295BAA /* AddItemVC.swift in Sources */,
				891E194E1EFFD00900295BAA /* myListCell.swift in Sources */,
			);
			runOnlyForDeploymentPostprocessing = 0;
		};
		891E191C1EFF8F3500295BAA /* Sources */ = {
			isa = PBXSourcesBuildPhase;
			buildActionMask = 2147483647;
			files = (
				891E19251EFF8F3500295BAA /* Shopping_ProTests.swift in Sources */,
			);
			runOnlyForDeploymentPostprocessing = 0;
		};
		891E19271EFF8F3500295BAA /* Sources */ = {
			isa = PBXSourcesBuildPhase;
			buildActionMask = 2147483647;
			files = (
				891E19301EFF8F3500295BAA /* Shopping_ProUITests.swift in Sources */,
			);
			runOnlyForDeploymentPostprocessing = 0;
		};
/* End PBXSourcesBuildPhase section */

/* Begin PBXTargetDependency section */
		891E19221EFF8F3500295BAA /* PBXTargetDependency */ = {
			isa = PBXTargetDependency;
			target = 891E190B1EFF8F3500295BAA /* Shopping Pro */;
			targetProxy = 891E19211EFF8F3500295BAA /* PBXContainerItemProxy */;
		};
		891E192D1EFF8F3500295BAA /* PBXTargetDependency */ = {
			isa = PBXTargetDependency;
			target = 891E190B1EFF8F3500295BAA /* Shopping Pro */;
			targetProxy = 891E192C1EFF8F3500295BAA /* PBXContainerItemProxy */;
		};
/* End PBXTargetDependency section */

/* Begin PBXVariantGroup section */
		891E19131EFF8F3500295BAA /* Main.storyboard */ = {
			isa = PBXVariantGroup;
			children = (
				891E19141EFF8F3500295BAA /* Base */,
			);
			name = Main.storyboard;
			sourceTree = "<group>";
		};
		891E19181EFF8F3500295BAA /* LaunchScreen.storyboard */ = {
			isa = PBXVariantGroup;
			children = (
				891E19191EFF8F3500295BAA /* Base */,
			);
			name = LaunchScreen.storyboard;
			sourceTree = "<group>";
		};
/* End PBXVariantGroup section */

/* Begin XCBuildConfiguration section */
		891E19321EFF8F3500295BAA /* Debug */ = {
			isa = XCBuildConfiguration;
			buildSettings = {
				ALWAYS_SEARCH_USER_PATHS = NO;
				CLANG_ANALYZER_NONNULL = YES;
				CLANG_ANALYZER_NUMBER_OBJECT_CONVERSION = YES_AGGRESSIVE;
				CLANG_CXX_LANGUAGE_STANDARD = "gnu++0x";
				CLANG_CXX_LIBRARY = "libc++";
				CLANG_ENABLE_MODULES = YES;
				CLANG_ENABLE_OBJC_ARC = YES;
				CLANG_WARN_BOOL_CONVERSION = YES;
				CLANG_WARN_CONSTANT_CONVERSION = YES;
				CLANG_WARN_DIRECT_OBJC_ISA_USAGE = YES_ERROR;
				CLANG_WARN_DOCUMENTATION_COMMENTS = YES;
				CLANG_WARN_EMPTY_BODY = YES;
				CLANG_WARN_ENUM_CONVERSION = YES;
				CLANG_WARN_INFINITE_RECURSION = YES;
				CLANG_WARN_INT_CONVERSION = YES;
				CLANG_WARN_OBJC_ROOT_CLASS = YES_ERROR;
				CLANG_WARN_SUSPICIOUS_MOVE = YES;
				CLANG_WARN_UNREACHABLE_CODE = YES;
				CLANG_WARN__DUPLICATE_METHOD_MATCH = YES;
				"CODE_SIGN_IDENTITY[sdk=iphoneos*]" = "iPhone Developer";
				COPY_PHASE_STRIP = NO;
				DEBUG_INFORMATION_FORMAT = dwarf;
				ENABLE_STRICT_OBJC_MSGSEND = YES;
				ENABLE_TESTABILITY = YES;
				GCC_C_LANGUAGE_STANDARD = gnu99;
				GCC_DYNAMIC_NO_PIC = NO;
				GCC_NO_COMMON_BLOCKS = YES;
				GCC_OPTIMIZATION_LEVEL = 0;
				GCC_PREPROCESSOR_DEFINITIONS = (
					"DEBUG=1",
					"$(inherited)",
				);
				GCC_WARN_64_TO_32_BIT_CONVERSION = YES;
				GCC_WARN_ABOUT_RETURN_TYPE = YES_ERROR;
				GCC_WARN_UNDECLARED_SELECTOR = YES;
				GCC_WARN_UNINITIALIZED_AUTOS = YES_AGGRESSIVE;
				GCC_WARN_UNUSED_FUNCTION = YES;
				GCC_WARN_UNUSED_VARIABLE = YES;
				IPHONEOS_DEPLOYMENT_TARGET = 10.3;
				MTL_ENABLE_DEBUG_INFO = YES;
				ONLY_ACTIVE_ARCH = YES;
				SDKROOT = iphoneos;
				SWIFT_ACTIVE_COMPILATION_CONDITIONS = DEBUG;
				SWIFT_OPTIMIZATION_LEVEL = "-Onone";
				TARGETED_DEVICE_FAMILY = "1,2";
			};
			name = Debug;
		};
		891E19331EFF8F3500295BAA /* Release */ = {
			isa = XCBuildConfiguration;
			buildSettings = {
				ALWAYS_SEARCH_USER_PATHS = NO;
				CLANG_ANALYZER_NONNULL = YES;
				CLANG_ANALYZER_NUMBER_OBJECT_CONVERSION = YES_AGGRESSIVE;
				CLANG_CXX_LANGUAGE_STANDARD = "gnu++0x";
				CLANG_CXX_LIBRARY = "libc++";
				CLANG_ENABLE_MODULES = YES;
				CLANG_ENABLE_OBJC_ARC = YES;
				CLANG_WARN_BOOL_CONVERSION = YES;
				CLANG_WARN_CONSTANT_CONVERSION = YES;
				CLANG_WARN_DIRECT_OBJC_ISA_USAGE = YES_ERROR;
				CLANG_WARN_DOCUMENTATION_COMMENTS = YES;
				CLANG_WARN_EMPTY_BODY = YES;
				CLANG_WARN_ENUM_CONVERSION = YES;
				CLANG_WARN_INFINITE_RECURSION = YES;
				CLANG_WARN_INT_CONVERSION = YES;
				CLANG_WARN_OBJC_ROOT_CLASS = YES_ERROR;
				CLANG_WARN_SUSPICIOUS_MOVE = YES;
				CLANG_WARN_UNREACHABLE_CODE = YES;
				CLANG_WARN__DUPLICATE_METHOD_MATCH = YES;
				"CODE_SIGN_IDENTITY[sdk=iphoneos*]" = "iPhone Developer";
				COPY_PHASE_STRIP = NO;
				DEBUG_INFORMATION_FORMAT = "dwarf-with-dsym";
				ENABLE_NS_ASSERTIONS = NO;
				ENABLE_STRICT_OBJC_MSGSEND = YES;
				GCC_C_LANGUAGE_STANDARD = gnu99;
				GCC_NO_COMMON_BLOCKS = YES;
				GCC_WARN_64_TO_32_BIT_CONVERSION = YES;
				GCC_WARN_ABOUT_RETURN_TYPE = YES_ERROR;
				GCC_WARN_UNDECLARED_SELECTOR = YES;
				GCC_WARN_UNINITIALIZED_AUTOS = YES_AGGRESSIVE;
				GCC_WARN_UNUSED_FUNCTION = YES;
				GCC_WARN_UNUSED_VARIABLE = YES;
				IPHONEOS_DEPLOYMENT_TARGET = 10.3;
				MTL_ENABLE_DEBUG_INFO = NO;
				SDKROOT = iphoneos;
				SWIFT_OPTIMIZATION_LEVEL = "-Owholemodule";
				TARGETED_DEVICE_FAMILY = "1,2";
				VALIDATE_PRODUCT = YES;
			};
			name = Release;
		};
		891E19351EFF8F3500295BAA /* Debug */ = {
			isa = XCBuildConfiguration;
			baseConfigurationReference = F166536D378847D32291D6B9 /* Pods-Shopping Pro.debug.xcconfig */;
			buildSettings = {
				ASSETCATALOG_COMPILER_APPICON_NAME = AppIcon;
				DEVELOPMENT_TEAM = 6UPMA52VHK;
				INFOPLIST_FILE = "Shopping Pro/Info.plist";
				LD_RUNPATH_SEARCH_PATHS = "$(inherited) @executable_path/Frameworks";
				PRODUCT_BUNDLE_IDENTIFIER = "edu.asu.msse.athota1.Shopping-Pro";
				PRODUCT_NAME = "$(TARGET_NAME)";
				SWIFT_VERSION = 3.0;
			};
			name = Debug;
		};
		891E19361EFF8F3500295BAA /* Release */ = {
			isa = XCBuildConfiguration;
			baseConfigurationReference = 45D3612F6521412662B42F34 /* Pods-Shopping Pro.release.xcconfig */;
			buildSettings = {
				ASSETCATALOG_COMPILER_APPICON_NAME = AppIcon;
				DEVELOPMENT_TEAM = 6UPMA52VHK;
				INFOPLIST_FILE = "Shopping Pro/Info.plist";
				LD_RUNPATH_SEARCH_PATHS = "$(inherited) @executable_path/Frameworks";
				PRODUCT_BUNDLE_IDENTIFIER = "edu.asu.msse.athota1.Shopping-Pro";
				PRODUCT_NAME = "$(TARGET_NAME)";
				SWIFT_VERSION = 3.0;
			};
			name = Release;
		};
		891E19381EFF8F3500295BAA /* Debug */ = {
			isa = XCBuildConfiguration;
			baseConfigurationReference = 9FD79898B37BEECAF81E3F9A /* Pods-Shopping ProTests.debug.xcconfig */;
			buildSettings = {
				ALWAYS_EMBED_SWIFT_STANDARD_LIBRARIES = YES;
				BUNDLE_LOADER = "$(TEST_HOST)";
				DEVELOPMENT_TEAM = 6UPMA52VHK;
				INFOPLIST_FILE = "Shopping ProTests/Info.plist";
				LD_RUNPATH_SEARCH_PATHS = "$(inherited) @executable_path/Frameworks @loader_path/Frameworks";
				PRODUCT_BUNDLE_IDENTIFIER = "edu.asu.msse.athota1.Shopping-ProTests";
				PRODUCT_NAME = "$(TARGET_NAME)";
				SWIFT_VERSION = 3.0;
				TEST_HOST = "$(BUILT_PRODUCTS_DIR)/Shopping Pro.app/Shopping Pro";
			};
			name = Debug;
		};
		891E19391EFF8F3500295BAA /* Release */ = {
			isa = XCBuildConfiguration;
			baseConfigurationReference = 72AD768B21936AED1FB33BF1 /* Pods-Shopping ProTests.release.xcconfig */;
			buildSettings = {
				ALWAYS_EMBED_SWIFT_STANDARD_LIBRARIES = YES;
				BUNDLE_LOADER = "$(TEST_HOST)";
				DEVELOPMENT_TEAM = 6UPMA52VHK;
				INFOPLIST_FILE = "Shopping ProTests/Info.plist";
				LD_RUNPATH_SEARCH_PATHS = "$(inherited) @executable_path/Frameworks @loader_path/Frameworks";
				PRODUCT_BUNDLE_IDENTIFIER = "edu.asu.msse.athota1.Shopping-ProTests";
				PRODUCT_NAME = "$(TARGET_NAME)";
				SWIFT_VERSION = 3.0;
				TEST_HOST = "$(BUILT_PRODUCTS_DIR)/Shopping Pro.app/Shopping Pro";
			};
			name = Release;
		};
		891E193B1EFF8F3500295BAA /* Debug */ = {
			isa = XCBuildConfiguration;
			baseConfigurationReference = 299F1BC46C0407DCC151F680 /* Pods-Shopping ProUITests.debug.xcconfig */;
			buildSettings = {
				ALWAYS_EMBED_SWIFT_STANDARD_LIBRARIES = YES;
				DEVELOPMENT_TEAM = 6UPMA52VHK;
				INFOPLIST_FILE = "Shopping ProUITests/Info.plist";
				LD_RUNPATH_SEARCH_PATHS = "$(inherited) @executable_path/Frameworks @loader_path/Frameworks";
				PRODUCT_BUNDLE_IDENTIFIER = "edu.asu.msse.athota1.Shopping-ProUITests";
				PRODUCT_NAME = "$(TARGET_NAME)";
				SWIFT_VERSION = 3.0;
				TEST_TARGET_NAME = "Shopping Pro";
			};
			name = Debug;
		};
		891E193C1EFF8F3500295BAA /* Release */ = {
			isa = XCBuildConfiguration;
			baseConfigurationReference = 51D0C1CCB82CF27A6350444E /* Pods-Shopping ProUITests.release.xcconfig */;
			buildSettings = {
				ALWAYS_EMBED_SWIFT_STANDARD_LIBRARIES = YES;
				DEVELOPMENT_TEAM = 6UPMA52VHK;
				INFOPLIST_FILE = "Shopping ProUITests/Info.plist";
				LD_RUNPATH_SEARCH_PATHS = "$(inherited) @executable_path/Frameworks @loader_path/Frameworks";
				PRODUCT_BUNDLE_IDENTIFIER = "edu.asu.msse.athota1.Shopping-ProUITests";
				PRODUCT_NAME = "$(TARGET_NAME)";
				SWIFT_VERSION = 3.0;
				TEST_TARGET_NAME = "Shopping Pro";
			};
			name = Release;
		};
/* End XCBuildConfiguration section */

/* Begin XCConfigurationList section */
		891E19071EFF8F3500295BAA /* Build configuration list for PBXProject "Shopping Pro" */ = {
			isa = XCConfigurationList;
			buildConfigurations = (
				891E19321EFF8F3500295BAA /* Debug */,
				891E19331EFF8F3500295BAA /* Release */,
			);
			defaultConfigurationIsVisible = 0;
			defaultConfigurationName = Release;
		};
		891E19341EFF8F3500295BAA /* Build configuration list for PBXNativeTarget "Shopping Pro" */ = {
			isa = XCConfigurationList;
			buildConfigurations = (
				891E19351EFF8F3500295BAA /* Debug */,
				891E19361EFF8F3500295BAA /* Release */,
			);
			defaultConfigurationIsVisible = 0;
			defaultConfigurationName = Release;
		};
		891E19371EFF8F3500295BAA /* Build configuration list for PBXNativeTarget "Shopping ProTests" */ = {
			isa = XCConfigurationList;
			buildConfigurations = (
				891E19381EFF8F3500295BAA /* Debug */,
				891E19391EFF8F3500295BAA /* Release */,
			);
			defaultConfigurationIsVisible = 0;
			defaultConfigurationName = Release;
		};
		891E193A1EFF8F3500295BAA /* Build configuration list for PBXNativeTarget "Shopping ProUITests" */ = {
			isa = XCConfigurationList;
			buildConfigurations = (
				891E193B1EFF8F3500295BAA /* Debug */,
				891E193C1EFF8F3500295BAA /* Release */,
			);
			defaultConfigurationIsVisible = 0;
			defaultConfigurationName = Release;
		};
/* End XCConfigurationList section */
	};
	rootObject = 891E19041EFF8F3500295BAA /* Project object */;
}
